
Microsoft Visual Studio Solution File, Format Version 12.00
# Visual Studio Version 16
VisualStudioVersion = 16.0.30105.148
MinimumVisualStudioVersion = 10.0.40219.1
Project("{FAE04EC0-301F-11D3-BF4B-00C04F79EFBC}") = "UnitTest1", "UnitTest1\UnitTest1.csproj", "{1930C6BE-8507-4FF8-8B0C-E1E98EDE0CDA}"
EndProject
Global
	GlobalSection(SolutionConfigurationPlatforms) = preSolution
		Debug|Any CPU = Debug|Any CPU
		Release|Any CPU = Release|Any CPU
	EndGlobalSection
	GlobalSection(ProjectConfigurationPlatforms) = postSolution
		{1930C6BE-8507-4FF8-8B0C-E1E98EDE0CDA}.Debug|Any CPU.ActiveCfg = Debug|Any CPU
		{1930C6BE-8507-4FF8-8B0C-E1E98EDE0CDA}.Debug|Any CPU.Build.0 = Debug|Any CPU
		{1930C6BE-8507-4FF8-8B0C-E1E98EDE0CDA}.Release|Any CPU.ActiveCfg = Release|Any CPU
		{1930C6BE-8507-4FF8-8B0C-E1E98EDE0CDA}.Release|Any CPU.Build.0 = Release|Any CPU
	EndGlobalSection
	GlobalSection(SolutionProperties) = preSolution
		HideSolutionNode = FALSE
	EndGlobalSection
	GlobalSection(ExtensibilityGlobals) = postSolution
		SolutionGuid = {B38A2CEE-F843-428F-8D18-6B4CEED8AB65}
	EndGlobalSection
EndGlobal
